// !$*UTF8*$!
{
	archiveVersion = 1;
	classes = {
	};
	objectVersion = 46;
	objects = {

/* Begin PBXBuildFile section */
		E26E281C1BA85ECA00BA0E8A /* main.m in Sources */ = {isa = PBXBuildFile; fileRef = E26E281B1BA85ECA00BA0E8A /* main.m */; };
		E26E281F1BA85ECA00BA0E8A /* AppDelegate.m in Sources */ = {isa = PBXBuildFile; fileRef = E26E281E1BA85ECA00BA0E8A /* AppDelegate.m */; };
		E26E28221BA85ECA00BA0E8A /* ViewController.m in Sources */ = {isa = PBXBuildFile; fileRef = E26E28211BA85ECA00BA0E8A /* ViewController.m */; };
		E26E28251BA85ECA00BA0E8A /* Main.storyboard in Resources */ = {isa = PBXBuildFile; fileRef = E26E28231BA85ECA00BA0E8A /* Main.storyboard */; };
		E26E28271BA85ECA00BA0E8A /* Images.xcassets in Resources */ = {isa = PBXBuildFile; fileRef = E26E28261BA85ECA00BA0E8A /* Images.xcassets */; };
		E26E282A1BA85ECA00BA0E8A /* LaunchScreen.xib in Resources */ = {isa = PBXBuildFile; fileRef = E26E28281BA85ECA00BA0E8A /* LaunchScreen.xib */; };
		E26E28361BA85ECA00BA0E8A /* TouchTrackerTests.m in Sources */ = {isa = PBXBuildFile; fileRef = E26E28351BA85ECA00BA0E8A /* TouchTrackerTests.m */; };
		E26E28441BA8631C00BA0E8A /* Line.m in Sources */ = {isa = PBXBuildFile; fileRef = E26E28431BA8631C00BA0E8A /* Line.m */; };
		E26E28471BA8638400BA0E8A /* DrawView.m in Sources */ = {isa = PBXBuildFile; fileRef = E26E28461BA8638400BA0E8A /* DrawView.m */; };
		E26E284A1BA863CE00BA0E8A /* DrawViewController.m in Sources */ = {isa = PBXBuildFile; fileRef = E26E28491BA863CE00BA0E8A /* DrawViewController.m */; };
/* End PBXBuildFile section */

/* Begin PBXContainerItemProxy section */
		E26E28301BA85ECA00BA0E8A /* PBXContainerItemProxy */ = {
			isa = PBXContainerItemProxy;
			containerPortal = E26E280E1BA85ECA00BA0E8A /* Project object */;
			proxyType = 1;
			remoteGlobalIDString = E26E28151BA85ECA00BA0E8A;
			remoteInfo = TouchTracker;
		};
/* End PBXContainerItemProxy section */

/* Begin PBXFileReference section */
		E26E28161BA85ECA00BA0E8A /* TouchTracker.app */ = {isa = PBXFileReference; explicitFileType = wrapper.application; includeInIndex = 0; path = TouchTracker.app; sourceTree = BUILT_PRODUCTS_DIR; };
		E26E281A1BA85ECA00BA0E8A /* Info.plist */ = {isa = PBXFileReference; lastKnownFileType = text.plist.xml; path = Info.plist; sourceTree = "<group>"; };
		E26E281B1BA85ECA00BA0E8A /* main.m */ = {isa = PBXFileReference; lastKnownFileType = sourcecode.c.objc; path = main.m; sourceTree = "<group>"; };
		E26E281D1BA85ECA00BA0E8A /* AppDelegate.h */ = {isa = PBXFileReference; lastKnownFileType = sourcecode.c.h; path = AppDelegate.h; sourceTree = "<group>"; };
		E26E281E1BA85ECA00BA0E8A /* AppDelegate.m */ = {isa = PBXFileReference; lastKnownFileType = sourcecode.c.objc; path = AppDelegate.m; sourceTree = "<group>"; };
		E26E28201BA85ECA00BA0E8A /* ViewController.h */ = {isa = PBXFileReference; lastKnownFileType = sourcecode.c.h; path = ViewController.h; sourceTree = "<group>"; };
		E26E28211BA85ECA00BA0E8A /* ViewController.m */ = {isa = PBXFileReference; lastKnownFileType = sourcecode.c.objc; path = ViewController.m; sourceTree = "<group>"; };
		E26E28241BA85ECA00BA0E8A /* Base */ = {isa = PBXFileReference; lastKnownFileType = file.storyboard; name = Base; path = Base.lproj/Main.storyboard; sourceTree = "<group>"; };
		E26E28261BA85ECA00BA0E8A /* Images.xcassets */ = {isa = PBXFileReference; lastKnownFileType = folder.assetcatalog; path = Images.xcassets; sourceTree = "<group>"; };
		E26E28291BA85ECA00BA0E8A /* Base */ = {isa = PBXFileReference; lastKnownFileType = file.xib; name = Base; path = Base.lproj/LaunchScreen.xib; sourceTree = "<group>"; };
		E26E282F1BA85ECA00BA0E8A /* TouchTrackerTests.xctest */ = {isa = PBXFileReference; explicitFileType = wrapper.cfbundle; includeInIndex = 0; path = TouchTrackerTests.xctest; sourceTree = BUILT_PRODUCTS_DIR; };
		E26E28341BA85ECA00BA0E8A /* Info.plist */ = {isa = PBXFileReference; lastKnownFileType = text.plist.xml; path = Info.plist; sourceTree = "<group>"; };
		E26E28351BA85ECA00BA0E8A /* TouchTrackerTests.m */ = {isa = PBXFileReference; lastKnownFileType = sourcecode.c.objc; path = TouchTrackerTests.m; sourceTree = "<group>"; };
		E26E28421BA8631C00BA0E8A /* Line.h */ = {isa = PBXFileReference; fileEncoding = 4; lastKnownFileType = sourcecode.c.h; path = Line.h; sourceTree = "<group>"; };
		E26E28431BA8631C00BA0E8A /* Line.m */ = {isa = PBXFileReference; fileEncoding = 4; lastKnownFileType = sourcecode.c.objc; path = Line.m; sourceTree = "<group>"; };
		E26E28451BA8638400BA0E8A /* DrawView.h */ = {isa = PBXFileReference; fileEncoding = 4; lastKnownFileType = sourcecode.c.h; path = DrawView.h; sourceTree = "<group>"; };
		E26E28461BA8638400BA0E8A /* DrawView.m */ = {isa = PBXFileReference; fileEncoding = 4; lastKnownFileType = sourcecode.c.objc; path = DrawView.m; sourceTree = "<group>"; };
		E26E28481BA863CE00BA0E8A /* DrawViewController.h */ = {isa = PBXFileReference; fileEncoding = 4; lastKnownFileType = sourcecode.c.h; path = DrawViewController.h; sourceTree = "<group>"; };
		E26E28491BA863CE00BA0E8A /* DrawViewController.m */ = {isa = PBXFileReference; fileEncoding = 4; lastKnownFileType = sourcecode.c.objc; path = DrawViewController.m; sourceTree = "<group>"; };
/* End PBXFileReference section */

/* Begin PBXFrameworksBuildPhase section */
		E26E28131BA85ECA00BA0E8A /* Frameworks */ = {
			isa = PBXFrameworksBuildPhase;
			buildActionMask = 2147483647;
			files = (
			);
			runOnlyForDeploymentPostprocessing = 0;
		};
		E26E282C1BA85ECA00BA0E8A /* Frameworks */ = {
			isa = PBXFrameworksBuildPhase;
			buildActionMask = 2147483647;
			files = (
			);
			runOnlyForDeploymentPostprocessing = 0;
		};
/* End PBXFrameworksBuildPhase section */

/* Begin PBXGroup section */
		E26E280D1BA85ECA00BA0E8A = {
			isa = PBXGroup;
			children = (
				E26E28181BA85ECA00BA0E8A /* TouchTracker */,
				E26E28321BA85ECA00BA0E8A /* TouchTrackerTests */,
				E26E28171BA85ECA00BA0E8A /* Products */,
			);
			sourceTree = "<group>";
		};
		E26E28171BA85ECA00BA0E8A /* Products */ = {
			isa = PBXGroup;
			children = (
				E26E28161BA85ECA00BA0E8A /* TouchTracker.app */,
				E26E282F1BA85ECA00BA0E8A /* TouchTrackerTests.xctest */,
			);
			name = Products;
			sourceTree = "<group>";
		};
		E26E28181BA85ECA00BA0E8A /* TouchTracker */ = {
			isa = PBXGroup;
			children = (
				E26E281D1BA85ECA00BA0E8A /* AppDelegate.h */,
				E26E281E1BA85ECA00BA0E8A /* AppDelegate.m */,
				E26E28201BA85ECA00BA0E8A /* ViewController.h */,
				E26E28211BA85ECA00BA0E8A /* ViewController.m */,
				E26E28231BA85ECA00BA0E8A /* Main.storyboard */,
				E26E28421BA8631C00BA0E8A /* Line.h */,
				E26E28431BA8631C00BA0E8A /* Line.m */,
				E26E28451BA8638400BA0E8A /* DrawView.h */,
				E26E28461BA8638400BA0E8A /* DrawView.m */,
				E26E28481BA863CE00BA0E8A /* DrawViewController.h */,
				E26E28491BA863CE00BA0E8A /* DrawViewController.m */,
				E26E28261BA85ECA00BA0E8A /* Images.xcassets */,
				E26E28281BA85ECA00BA0E8A /* LaunchScreen.xib */,
				E26E28191BA85ECA00BA0E8A /* Supporting Files */,
			);
			path = TouchTracker;
			sourceTree = "<group>";
		};
		E26E28191BA85ECA00BA0E8A /* Supporting Files */ = {
			isa = PBXGroup;
			children = (
				E26E281A1BA85ECA00BA0E8A /* Info.plist */,
				E26E281B1BA85ECA00BA0E8A /* main.m */,
			);
			name = "Supporting Files";
			sourceTree = "<group>";
		};
		E26E28321BA85ECA00BA0E8A /* TouchTrackerTests */ = {
			isa = PBXGroup;
			children = (
				E26E28351BA85ECA00BA0E8A /* TouchTrackerTests.m */,
				E26E28331BA85ECA00BA0E8A /* Supporting Files */,
			);
			path = TouchTrackerTests;
			sourceTree = "<group>";
		};
		E26E28331BA85ECA00BA0E8A /* Supporting Files */ = {
			isa = PBXGroup;
			children = (
				E26E28341BA85ECA00BA0E8A /* Info.plist */,
			);
			name = "Supporting Files";
			sourceTree = "<group>";
		};
/* End PBXGroup section */

/* Begin PBXNativeTarget section */
		E26E28151BA85ECA00BA0E8A /* TouchTracker */ = {
			isa = PBXNativeTarget;
			buildConfigurationList = E26E28391BA85ECA00BA0E8A /* Build configuration list for PBXNativeTarget "TouchTracker" */;
			buildPhases = (
				E26E28121BA85ECA00BA0E8A /* Sources */,
				E26E28131BA85ECA00BA0E8A /* Frameworks */,
				E26E28141BA85ECA00BA0E8A /* Resources */,
			);
			buildRules = (
			);
			dependencies = (
			);
			name = TouchTracker;
			productName = TouchTracker;
			productReference = E26E28161BA85ECA00BA0E8A /* TouchTracker.app */;
			productType = "com.apple.product-type.application";
		};
		E26E282E1BA85ECA00BA0E8A /* TouchTrackerTests */ = {
			isa = PBXNativeTarget;
			buildConfigurationList = E26E283C1BA85ECA00BA0E8A /* Build configuration list for PBXNativeTarget "TouchTrackerTests" */;
			buildPhases = (
				E26E282B1BA85ECA00BA0E8A /* Sources */,
				E26E282C1BA85ECA00BA0E8A /* Frameworks */,
				E26E282D1BA85ECA00BA0E8A /* Resources */,
			);
			buildRules = (
			);
			dependencies = (
				E26E28311BA85ECA00BA0E8A /* PBXTargetDependency */,
			);
			name = TouchTrackerTests;
			productName = TouchTrackerTests;
			productReference = E26E282F1BA85ECA00BA0E8A /* TouchTrackerTests.xctest */;
			productType = "com.apple.product-type.bundle.unit-test";
		};
/* End PBXNativeTarget section */

/* Begin PBXProject section */
		E26E280E1BA85ECA00BA0E8A /* Project object */ = {
			isa = PBXProject;
			attributes = {
				LastUpgradeCheck = 0630;
				ORGANIZATIONNAME = "张润峰";
				TargetAttributes = {
					E26E28151BA85ECA00BA0E8A = {
						CreatedOnToolsVersion = 6.3;
						DevelopmentTeam = 777RZL5E43;
					};
					E26E282E1BA85ECA00BA0E8A = {
						CreatedOnToolsVersion = 6.3;
						TestTargetID = E26E28151BA85ECA00BA0E8A;
					};
				};
			};
			buildConfigurationList = E26E28111BA85ECA00BA0E8A /* Build configuration list for PBXProject "TouchTracker" */;
			compatibilityVersion = "Xcode 3.2";
			developmentRegion = English;
			hasScannedForEncodings = 0;
			knownRegions = (
				en,
				Base,
			);
			mainGroup = E26E280D1BA85ECA00BA0E8A;
			productRefGroup = E26E28171BA85ECA00BA0E8A /* Products */;
			projectDirPath = "";
			projectRoot = "";
			targets = (
				E26E28151BA85ECA00BA0E8A /* TouchTracker */,
				E26E282E1BA85ECA00BA0E8A /* TouchTrackerTests */,
			);
		};
/* End PBXProject section */

/* Begin PBXResourcesBuildPhase section */
		E26E28141BA85ECA00BA0E8A /* Resources */ = {
			isa = PBXResourcesBuildPhase;
			buildActionMask = 2147483647;
			files = (
				E26E28251BA85ECA00BA0E8A /* Main.storyboard in Resources */,
				E26E282A1BA85ECA00BA0E8A /* LaunchScreen.xib in Resources */,
				E26E28271BA85ECA00BA0E8A /* Images.xcassets in Resources */,
			);
			runOnlyForDeploymentPostprocessing = 0;
		};
		E26E282D1BA85ECA00BA0E8A /* Resources */ = {
			isa = PBXResourcesBuildPhase;
			buildActionMask = 2147483647;
			files = (
			);
			runOnlyForDeploymentPostprocessing = 0;
		};
/* End PBXResourcesBuildPhase section */

/* Begin PBXSourcesBuildPhase section */
		E26E28121BA85ECA00BA0E8A /* Sources */ = {
			isa = PBXSourcesBuildPhase;
			buildActionMask = 2147483647;
			files = (
				E26E284A1BA863CE00BA0E8A /* DrawViewController.m in Sources */,
				E26E28221BA85ECA00BA0E8A /* ViewController.m in Sources */,
				E26E28441BA8631C00BA0E8A /* Line.m in Sources */,
				E26E281F1BA85ECA00BA0E8A /* AppDelegate.m in Sources */,
				E26E281C1BA85ECA00BA0E8A /* main.m in Sources */,
				E26E28471BA8638400BA0E8A /* DrawView.m in Sources */,
			);
			runOnlyForDeploymentPostprocessing = 0;
		};
		E26E282B1BA85ECA00BA0E8A /* Sources */ = {
			isa = PBXSourcesBuildPhase;
			buildActionMask = 2147483647;
			files = (
				E26E28361BA85ECA00BA0E8A /* TouchTrackerTests.m in Sources */,
			);
			runOnlyForDeploymentPostprocessing = 0;
		};
/* End PBXSourcesBuildPhase section */

/* Begin PBXTargetDependency section */
		E26E28311BA85ECA00BA0E8A /* PBXTargetDependency */ = {
			isa = PBXTargetDependency;
			target = E26E28151BA85ECA00BA0E8A /* TouchTracker */;
			targetProxy = E26E28301BA85ECA00BA0E8A /* PBXContainerItemProxy */;
		};
/* End PBXTargetDependency section */

/* Begin PBXVariantGroup section */
		E26E28231BA85ECA00BA0E8A /* Main.storyboard */ = {
			isa = PBXVariantGroup;
			children = (
				E26E28241BA85ECA00BA0E8A /* Base */,
			);
			name = Main.storyboard;
			sourceTree = "<group>";
		};
		E26E28281BA85ECA00BA0E8A /* LaunchScreen.xib */ = {
			isa = PBXVariantGroup;
			children = (
				E26E28291BA85ECA00BA0E8A /* Base */,
			);
			name = LaunchScreen.xib;
			sourceTree = "<group>";
		};
/* End PBXVariantGroup section */

/* Begin XCBuildConfiguration section */
		E26E28371BA85ECA00BA0E8A /* Debug */ = {
			isa = XCBuildConfiguration;
			buildSettings = {
				ALWAYS_SEARCH_USER_PATHS = NO;
				CLANG_CXX_LANGUAGE_STANDARD = "gnu++0x";
				CLANG_CXX_LIBRARY = "libc++";
				CLANG_ENABLE_MODULES = YES;
				CLANG_ENABLE_OBJC_ARC = YES;
				CLANG_WARN_BOOL_CONVERSION = YES;
				CLANG_WARN_CONSTANT_CONVERSION = YES;
				CLANG_WARN_DIRECT_OBJC_ISA_USAGE = YES_ERROR;
				CLANG_WARN_EMPTY_BODY = YES;
				CLANG_WARN_ENUM_CONVERSION = YES;
				CLANG_WARN_INT_CONVERSION = YES;
				CLANG_WARN_OBJC_ROOT_CLASS = YES_ERROR;
				CLANG_WARN_UNREACHABLE_CODE = YES;
				CLANG_WARN__DUPLICATE_METHOD_MATCH = YES;
				"CODE_SIGN_IDENTITY[sdk=iphoneos*]" = "iPhone Developer";
				COPY_PHASE_STRIP = NO;
				DEBUG_INFORMATION_FORMAT = "dwarf-with-dsym";
				ENABLE_STRICT_OBJC_MSGSEND = YES;
				GCC_C_LANGUAGE_STANDARD = gnu99;
				GCC_DYNAMIC_NO_PIC = NO;
				GCC_NO_COMMON_BLOCKS = YES;
				GCC_OPTIMIZATION_LEVEL = 0;
				GCC_PREPROCESSOR_DEFINITIONS = (
					"DEBUG=1",
					"$(inherited)",
				);
				GCC_SYMBOLS_PRIVATE_EXTERN = NO;
				GCC_WARN_64_TO_32_BIT_CONVERSION = YES;
				GCC_WARN_ABOUT_RETURN_TYPE = YES_ERROR;
				GCC_WARN_UNDECLARED_SELECTOR = YES;
				GCC_WARN_UNINITIALIZED_AUTOS = YES_AGGRESSIVE;
				GCC_WARN_UNUSED_FUNCTION = YES;
				GCC_WARN_UNUSED_VARIABLE = YES;
				IPHONEOS_DEPLOYMENT_TARGET = 8.3;
				MTL_ENABLE_DEBUG_INFO = YES;
				ONLY_ACTIVE_ARCH = YES;
				SDKROOT = iphoneos;
			};
			name = Debug;
		};
		E26E28381BA85ECA00BA0E8A /* Release */ = {
			isa = XCBuildConfiguration;
			buildSettings = {
				ALWAYS_SEARCH_USER_PATHS = NO;
				CLANG_CXX_LANGUAGE_STANDARD = "gnu++0x";
				CLANG_CXX_LIBRARY = "libc++";
				CLANG_ENABLE_MODULES = YES;
				CLANG_ENABLE_OBJC_ARC = YES;
				CLANG_WARN_BOOL_CONVERSION = YES;
				CLANG_WARN_CONSTANT_CONVERSION = YES;
				CLANG_WARN_DIRECT_OBJC_ISA_USAGE = YES_ERROR;
				CLANG_WARN_EMPTY_BODY = YES;
				CLANG_WARN_ENUM_CONVERSION = YES;
				CLANG_WARN_INT_CONVERSION = YES;
				CLANG_WARN_OBJC_ROOT_CLASS = YES_ERROR;
				CLANG_WARN_UNREACHABLE_CODE = YES;
				CLANG_WARN__DUPLICATE_METHOD_MATCH = YES;
				"CODE_SIGN_IDENTITY[sdk=iphoneos*]" = "iPhone Developer";
				COPY_PHASE_STRIP = NO;
				DEBUG_INFORMATION_FORMAT = "dwarf-with-dsym";
				ENABLE_NS_ASSERTIONS = NO;
				ENABLE_STRICT_OBJC_MSGSEND = YES;
				GCC_C_LANGUAGE_STANDARD = gnu99;
				GCC_NO_COMMON_BLOCKS = YES;
				GCC_WARN_64_TO_32_BIT_CONVERSION = YES;
				GCC_WARN_ABOUT_RETURN_TYPE = YES_ERROR;
				GCC_WARN_UNDECLARED_SELECTOR = YES;
				GCC_WARN_UNINITIALIZED_AUTOS = YES_AGGRESSIVE;
				GCC_WARN_UNUSED_FUNCTION = YES;
				GCC_WARN_UNUSED_VARIABLE = YES;
				IPHONEOS_DEPLOYMENT_TARGET = 8.3;
				MTL_ENABLE_DEBUG_INFO = NO;
				SDKROOT = iphoneos;
				VALIDATE_PRODUCT = YES;
			};
			name = Release;
		};
		E26E283A1BA85ECA00BA0E8A /* Debug */ = {
			isa = XCBuildConfiguration;
			buildSettings = {
				ASSETCATALOG_COMPILER_APPICON_NAME = AppIcon;
				CODE_SIGN_IDENTITY = "iPhone Developer";
				"CODE_SIGN_IDENTITY[sdk=iphoneos*]" = "iPhone Developer";
				INFOPLIST_FILE = TouchTracker/Info.plist;
				LD_RUNPATH_SEARCH_PATHS = "$(inherited) @executable_path/Frameworks";
				PRODUCT_NAME = "$(TARGET_NAME)";
				PROVISIONING_PROFILE = "";
			};
			name = Debug;
		};
		E26E283B1BA85ECA00BA0E8A /* Release */ = {
			isa = XCBuildConfiguration;
			buildSettings = {
				ASSETCATALOG_COMPILER_APPICON_NAME = AppIcon;
				CODE_SIGN_IDENTITY = "iPhone Developer";
				"CODE_SIGN_IDENTITY[sdk=iphoneos*]" = "iPhone Developer";
				INFOPLIST_FILE = TouchTracker/Info.plist;
				LD_RUNPATH_SEARCH_PATHS = "$(inherited) @executable_path/Frameworks";
				PRODUCT_NAME = "$(TARGET_NAME)";
				PROVISIONING_PROFILE = "";
			};
			name = Release;
		};
		E26E283D1BA85ECA00BA0E8A /* Debug */ = {
			isa = XCBuildConfiguration;
			buildSettings = {
				BUNDLE_LOADER = "$(TEST_HOST)";
				FRAMEWORK_SEARCH_PATHS = (
					"$(SDKROOT)/Developer/Library/Frameworks",
					"$(inherited)",
				);
				GCC_PREPROCESSOR_DEFINITIONS = (
					"DEBUG=1",
					"$(inherited)",
				);
				INFOPLIST_FILE = TouchTrackerTests/Info.plist;
				LD_RUNPATH_SEARCH_PATHS = "$(inherited) @executable_path/Frameworks @loader_path/Frameworks";
				PRODUCT_NAME = "$(TARGET_NAME)";
				TEST_HOST = "$(BUILT_PRODUCTS_DIR)/TouchTracker.app/TouchTracker";
			};
			name = Debug;
		};
		E26E283E1BA85ECA00BA0E8A /* Release */ = {
			isa = XCBuildConfiguration;
			buildSettings = {
				BUNDLE_LOADER = "$(TEST_HOST)";
				FRAMEWORK_SEARCH_PATHS = (
					"$(SDKROOT)/Developer/Library/Frameworks",
					"$(inherited)",
				);
				INFOPLIST_FILE = TouchTrackerTests/Info.plist;
				LD_RUNPATH_SEARCH_PATHS = "$(inherited) @executable_path/Frameworks @loader_path/Frameworks";
				PRODUCT_NAME = "$(TARGET_NAME)";
				TEST_HOST = "$(BUILT_PRODUCTS_DIR)/TouchTracker.app/TouchTracker";
			};
			name = Release;
		};
/* End XCBuildConfiguration section */

/* Begin XCConfigurationList section */
		E26E28111BA85ECA00BA0E8A /* Build configuration list for PBXProject "TouchTracker" */ = {
			isa = XCConfigurationList;
			buildConfigurations = (
				E26E28371BA85ECA00BA0E8A /* Debug */,
				E26E28381BA85ECA00BA0E8A /* Release */,
			);
			defaultConfigurationIsVisible = 0;
			defaultConfigurationName = Release;
		};
		E26E28391BA85ECA00BA0E8A /* Build configuration list for PBXNativeTarget "TouchTracker" */ = {
			isa = XCConfigurationList;
			buildConfigurations = (
				E26E283A1BA85ECA00BA0E8A /* Debug */,
				E26E283B1BA85ECA00BA0E8A /* Release */,
			);
			defaultConfigurationIsVisible = 0;
			defaultConfigurationName = Release;
		};
		E26E283C1BA85ECA00BA0E8A /* Build configuration list for PBXNativeTarget "TouchTrackerTests" */ = {
			isa = XCConfigurationList;
			buildConfigurations = (
				E26E283D1BA85ECA00BA0E8A /* Debug */,
				E26E283E1BA85ECA00BA0E8A /* Release */,
			);
			defaultConfigurationIsVisible = 0;
			defaultConfigurationName = Release;
		};
/* End XCConfigurationList section */
	};
	rootObject = E26E280E1BA85ECA00BA0E8A /* Project object */;
}
